
Microsoft Visual Studio Solution File, Format Version 12.00
# Visual Studio Version 17
VisualStudioVersion = 17.13.35931.197 d17.13
MinimumVisualStudioVersion = 10.0.40219.1
Project("{C9674DCB-5085-4A16-B785-4C70DD1589BD}") = "HospitalDWH_ETL", "HospitalDWH_ETL.dtproj", "{AD9B597C-14D0-113F-C2FA-EEAC27693D91}"
EndProject
Global
	GlobalSection(SolutionConfigurationPlatforms) = preSolution
		Development|Default = Development|Default
	EndGlobalSection
	GlobalSection(ProjectConfigurationPlatforms) = postSolution
		{AD9B597C-14D0-113F-C2FA-EEAC27693D91}.Development|Default.ActiveCfg = Development
		{AD9B597C-14D0-113F-C2FA-EEAC27693D91}.Development|Default.Build.0 = Development
	EndGlobalSection
	GlobalSection(SolutionProperties) = preSolution
		HideSolutionNode = FALSE
	EndGlobalSection
	GlobalSection(ExtensibilityGlobals) = postSolution
		SolutionGuid = {6DA9B5B9-A517-4B91-8D91-6D905BB57D11}
	EndGlobalSection
EndGlobal
